
Microsoft Visual Studio Solution File, Format Version 12.00
# Visual Studio Version 17
VisualStudioVersion = 17.9.34622.214
MinimumVisualStudioVersion = 10.0.40219.1
Project("{FAE04EC0-301F-11D3-BF4B-00C04F79EFBC}") = "Tarea2024-03-05", "Tarea2024-03-05\Tarea2024-03-05.csproj", "{CCC2991B-0CF7-4B28-86B8-2B7BB27FAECA}"
EndProject
Global
	GlobalSection(SolutionConfigurationPlatforms) = preSolution
		Debug|Any CPU = Debug|Any CPU
		Release|Any CPU = Release|Any CPU
	EndGlobalSection
	GlobalSection(ProjectConfigurationPlatforms) = postSolution
		{CCC2991B-0CF7-4B28-86B8-2B7BB27FAECA}.Debug|Any CPU.ActiveCfg = Debug|Any CPU
		{CCC2991B-0CF7-4B28-86B8-2B7BB27FAECA}.Debug|Any CPU.Build.0 = Debug|Any CPU
		{CCC2991B-0CF7-4B28-86B8-2B7BB27FAECA}.Debug|Any CPU.Deploy.0 = Debug|Any CPU
		{CCC2991B-0CF7-4B28-86B8-2B7BB27FAECA}.Release|Any CPU.ActiveCfg = Release|Any CPU
		{CCC2991B-0CF7-4B28-86B8-2B7BB27FAECA}.Release|Any CPU.Build.0 = Release|Any CPU
		{CCC2991B-0CF7-4B28-86B8-2B7BB27FAECA}.Release|Any CPU.Deploy.0 = Release|Any CPU
	EndGlobalSection
	GlobalSection(SolutionProperties) = preSolution
		HideSolutionNode = FALSE
	EndGlobalSection
	GlobalSection(ExtensibilityGlobals) = postSolution
		SolutionGuid = {9ABD24DE-6B11-45CA-97C9-809E8F3B0FB7}
	EndGlobalSection
EndGlobal
